{
  "originHash" : "23fcd282939b20e62535b27ab0329bd97c24f3e8ef6b2d549d50c489165ddf2b",
  "pins" : [
    {
      "identity" : "tun2sockskit",
      "kind" : "remoteSourceControl",
      "location" : "https://github.com/EbrahimTahernejad/Tun2SocksKit",
      "state" : {
        "revision" : "fce247269a041efe3518a17c1f7d44543d62dec5",
        "version" : "4.9.1"
      }
    },
    {
      "identity" : "yamlswift",
      "kind" : "remoteSourceControl",
      "location" : "https://github.com/behrang/YamlSwift",
      "state" : {
        "revision" : "287f5cab7da0d92eb947b5fd8151b203ae04a9a3",
        "version" : "3.4.4"
      }
    }
  ],
  "version" : 3
}
